// !$*UTF8*$!
{
	archiveVersion = 1;
	classes = {
	};
	objectVersion = 46;
	objects = {

/* Begin PBXBuildFile section */
		33E0B93B26EE195BEE20A87D /* Pods.framework in Frameworks */ = {isa = PBXBuildFile; fileRef = BDDC2B341895CF8EAEE0D56F /* Pods.framework */; };
		7D3B01101C587A1300218922 /* AppDelegate.swift in Sources */ = {isa = PBXBuildFile; fileRef = 7D3B010F1C587A1300218922 /* AppDelegate.swift */; };
		7D3B01121C587A1300218922 /* ViewController.swift in Sources */ = {isa = PBXBuildFile; fileRef = 7D3B01111C587A1300218922 /* ViewController.swift */; };
		7D3B01151C587A1300218922 /* Main.storyboard in Resources */ = {isa = PBXBuildFile; fileRef = 7D3B01131C587A1300218922 /* Main.storyboard */; };
		7D3B01171C587A1300218922 /* Assets.xcassets in Resources */ = {isa = PBXBuildFile; fileRef = 7D3B01161C587A1300218922 /* Assets.xcassets */; };
		7D3B011A1C587A1300218922 /* LaunchScreen.storyboard in Resources */ = {isa = PBXBuildFile; fileRef = 7D3B01181C587A1300218922 /* LaunchScreen.storyboard */; };
		7D3B01251C587A1300218922 /* CocoaPodsTests.swift in Sources */ = {isa = PBXBuildFile; fileRef = 7D3B01241C587A1300218922 /* CocoaPodsTests.swift */; };
		7D3B01301C587A1300218922 /* CocoaPodsUITests.swift in Sources */ = {isa = PBXBuildFile; fileRef = 7D3B012F1C587A1300218922 /* CocoaPodsUITests.swift */; };
/* End PBXBuildFile section */

/* Begin PBXContainerItemProxy section */
		7D3B01211C587A1300218922 /* PBXContainerItemProxy */ = {
			isa = PBXContainerItemProxy;
			containerPortal = 7D3B01041C587A1300218922 /* Project object */;
			proxyType = 1;
			remoteGlobalIDString = 7D3B010B1C587A1300218922;
			remoteInfo = CocoaPods;
		};
		7D3B012C1C587A1300218922 /* PBXContainerItemProxy */ = {
			isa = PBXContainerItemProxy;
			containerPortal = 7D3B01041C587A1300218922 /* Project object */;
			proxyType = 1;
			remoteGlobalIDString = 7D3B010B1C587A1300218922;
			remoteInfo = CocoaPods;
		};
/* End PBXContainerItemProxy section */

/* Begin PBXFileReference section */
		7D3B010C1C587A1300218922 /* CocoaPods.app */ = {isa = PBXFileReference; explicitFileType = wrapper.application; includeInIndex = 0; path = CocoaPods.app; sourceTree = BUILT_PRODUCTS_DIR; };
		7D3B010F1C587A1300218922 /* AppDelegate.swift */ = {isa = PBXFileReference; lastKnownFileType = sourcecode.swift; path = AppDelegate.swift; sourceTree = "<group>"; };
		7D3B01111C587A1300218922 /* ViewController.swift */ = {isa = PBXFileReference; lastKnownFileType = sourcecode.swift; path = ViewController.swift; sourceTree = "<group>"; };
		7D3B01141C587A1300218922 /* Base */ = {isa = PBXFileReference; lastKnownFileType = file.storyboard; name = Base; path = Base.lproj/Main.storyboard; sourceTree = "<group>"; };
		7D3B01161C587A1300218922 /* Assets.xcassets */ = {isa = PBXFileReference; lastKnownFileType = folder.assetcatalog; path = Assets.xcassets; sourceTree = "<group>"; };
		7D3B01191C587A1300218922 /* Base */ = {isa = PBXFileReference; lastKnownFileType = file.storyboard; name = Base; path = Base.lproj/LaunchScreen.storyboard; sourceTree = "<group>"; };
		7D3B011B1C587A1300218922 /* Info.plist */ = {isa = PBXFileReference; lastKnownFileType = text.plist.xml; path = Info.plist; sourceTree = "<group>"; };
		7D3B01201C587A1300218922 /* CocoaPodsTests.xctest */ = {isa = PBXFileReference; explicitFileType = wrapper.cfbundle; includeInIndex = 0; path = CocoaPodsTests.xctest; sourceTree = BUILT_PRODUCTS_DIR; };
		7D3B01241C587A1300218922 /* CocoaPodsTests.swift */ = {isa = PBXFileReference; lastKnownFileType = sourcecode.swift; path = CocoaPodsTests.swift; sourceTree = "<group>"; };
		7D3B01261C587A1300218922 /* Info.plist */ = {isa = PBXFileReference; lastKnownFileType = text.plist.xml; path = Info.plist; sourceTree = "<group>"; };
		7D3B012B1C587A1300218922 /* CocoaPodsUITests.xctest */ = {isa = PBXFileReference; explicitFileType = wrapper.cfbundle; includeInIndex = 0; path = CocoaPodsUITests.xctest; sourceTree = BUILT_PRODUCTS_DIR; };
		7D3B012F1C587A1300218922 /* CocoaPodsUITests.swift */ = {isa = PBXFileReference; lastKnownFileType = sourcecode.swift; path = CocoaPodsUITests.swift; sourceTree = "<group>"; };
		7D3B01311C587A1300218922 /* Info.plist */ = {isa = PBXFileReference; lastKnownFileType = text.plist.xml; path = Info.plist; sourceTree = "<group>"; };
		BB43CE1D7FB801CA2016D2F1 /* Pods.debug.xcconfig */ = {isa = PBXFileReference; includeInIndex = 1; lastKnownFileType = text.xcconfig; name = Pods.debug.xcconfig; path = "Pods/Target Support Files/Pods/Pods.debug.xcconfig"; sourceTree = "<group>"; };
		BDDC2B341895CF8EAEE0D56F /* Pods.framework */ = {isa = PBXFileReference; explicitFileType = wrapper.framework; includeInIndex = 0; path = Pods.framework; sourceTree = BUILT_PRODUCTS_DIR; };
		E790EE38B29329BB3BB8B54A /* Pods.release.xcconfig */ = {isa = PBXFileReference; includeInIndex = 1; lastKnownFileType = text.xcconfig; name = Pods.release.xcconfig; path = "Pods/Target Support Files/Pods/Pods.release.xcconfig"; sourceTree = "<group>"; };
/* End PBXFileReference section */

/* Begin PBXFrameworksBuildPhase section */
		7D3B01091C587A1300218922 /* Frameworks */ = {
			isa = PBXFrameworksBuildPhase;
			buildActionMask = 2147483647;
			files = (
				33E0B93B26EE195BEE20A87D /* Pods.framework in Frameworks */,
			);
			runOnlyForDeploymentPostprocessing = 0;
		};
		7D3B011D1C587A1300218922 /* Frameworks */ = {
			isa = PBXFrameworksBuildPhase;
			buildActionMask = 2147483647;
			files = (
			);
			runOnlyForDeploymentPostprocessing = 0;
		};
		7D3B01281C587A1300218922 /* Frameworks */ = {
			isa = PBXFrameworksBuildPhase;
			buildActionMask = 2147483647;
			files = (
			);
			runOnlyForDeploymentPostprocessing = 0;
		};
/* End PBXFrameworksBuildPhase section */

/* Begin PBXGroup section */
		11344BF5607400B9DC75325D /* Pods */ = {
			isa = PBXGroup;
			children = (
				BB43CE1D7FB801CA2016D2F1 /* Pods.debug.xcconfig */,
				E790EE38B29329BB3BB8B54A /* Pods.release.xcconfig */,
			);
			name = Pods;
			sourceTree = "<group>";
		};
		5C73CD7D5ECB32536465E4BE /* Frameworks */ = {
			isa = PBXGroup;
			children = (
				BDDC2B341895CF8EAEE0D56F /* Pods.framework */,
			);
			name = Frameworks;
			sourceTree = "<group>";
		};
		7D3B01031C587A1300218922 = {
			isa = PBXGroup;
			children = (
				7D3B010E1C587A1300218922 /* CocoaPods */,
				7D3B01231C587A1300218922 /* CocoaPodsTests */,
				7D3B012E1C587A1300218922 /* CocoaPodsUITests */,
				7D3B010D1C587A1300218922 /* Products */,
				11344BF5607400B9DC75325D /* Pods */,
				5C73CD7D5ECB32536465E4BE /* Frameworks */,
			);
			sourceTree = "<group>";
		};
		7D3B010D1C587A1300218922 /* Products */ = {
			isa = PBXGroup;
			children = (
				7D3B010C1C587A1300218922 /* CocoaPods.app */,
				7D3B01201C587A1300218922 /* CocoaPodsTests.xctest */,
				7D3B012B1C587A1300218922 /* CocoaPodsUITests.xctest */,
			);
			name = Products;
			sourceTree = "<group>";
		};
		7D3B010E1C587A1300218922 /* CocoaPods */ = {
			isa = PBXGroup;
			children = (
				7D3B010F1C587A1300218922 /* AppDelegate.swift */,
				7D3B01111C587A1300218922 /* ViewController.swift */,
				7D3B01131C587A1300218922 /* Main.storyboard */,
				7D3B01161C587A1300218922 /* Assets.xcassets */,
				7D3B01181C587A1300218922 /* LaunchScreen.storyboard */,
				7D3B011B1C587A1300218922 /* Info.plist */,
			);
			path = CocoaPods;
			sourceTree = "<group>";
		};
		7D3B01231C587A1300218922 /* CocoaPodsTests */ = {
			isa = PBXGroup;
			children = (
				7D3B01241C587A1300218922 /* CocoaPodsTests.swift */,
				7D3B01261C587A1300218922 /* Info.plist */,
			);
			path = CocoaPodsTests;
			sourceTree = "<group>";
		};
		7D3B012E1C587A1300218922 /* CocoaPodsUITests */ = {
			isa = PBXGroup;
			children = (
				7D3B012F1C587A1300218922 /* CocoaPodsUITests.swift */,
				7D3B01311C587A1300218922 /* Info.plist */,
			);
			path = CocoaPodsUITests;
			sourceTree = "<group>";
		};
/* End PBXGroup section */

/* Begin PBXNativeTarget section */
		7D3B010B1C587A1300218922 /* CocoaPods */ = {
			isa = PBXNativeTarget;
			buildConfigurationList = 7D3B01341C587A1300218922 /* Build configuration list for PBXNativeTarget "CocoaPods" */;
			buildPhases = (
				5A1309301FA95289EDE49672 /* Check Pods Manifest.lock */,
				7D3B01081C587A1300218922 /* Sources */,
				7D3B01091C587A1300218922 /* Frameworks */,
				7D3B010A1C587A1300218922 /* Resources */,
				C57FBB6E3578D0046A1660C1 /* Embed Pods Frameworks */,
				A33B8BE4A5DC8103EAEAEECC /* Copy Pods Resources */,
			);
			buildRules = (
			);
			dependencies = (
			);
			name = CocoaPods;
			productName = CocoaPods;
			productReference = 7D3B010C1C587A1300218922 /* CocoaPods.app */;
			productType = "com.apple.product-type.application";
		};
		7D3B011F1C587A1300218922 /* CocoaPodsTests */ = {
			isa = PBXNativeTarget;
			buildConfigurationList = 7D3B01371C587A1300218922 /* Build configuration list for PBXNativeTarget "CocoaPodsTests" */;
			buildPhases = (
				7D3B011C1C587A1300218922 /* Sources */,
				7D3B011D1C587A1300218922 /* Frameworks */,
				7D3B011E1C587A1300218922 /* Resources */,
			);
			buildRules = (
			);
			dependencies = (
				7D3B01221C587A1300218922 /* PBXTargetDependency */,
			);
			name = CocoaPodsTests;
			productName = CocoaPodsTests;
			productReference = 7D3B01201C587A1300218922 /* CocoaPodsTests.xctest */;
			productType = "com.apple.product-type.bundle.unit-test";
		};
		7D3B012A1C587A1300218922 /* CocoaPodsUITests */ = {
			isa = PBXNativeTarget;
			buildConfigurationList = 7D3B013A1C587A1300218922 /* Build configuration list for PBXNativeTarget "CocoaPodsUITests" */;
			buildPhases = (
				7D3B01271C587A1300218922 /* Sources */,
				7D3B01281C587A1300218922 /* Frameworks */,
				7D3B01291C587A1300218922 /* Resources */,
			);
			buildRules = (
			);
			dependencies = (
				7D3B012D1C587A1300218922 /* PBXTargetDependency */,
			);
			name = CocoaPodsUITests;
			productName = CocoaPodsUITests;
			productReference = 7D3B012B1C587A1300218922 /* CocoaPodsUITests.xctest */;
			productType = "com.apple.product-type.bundle.ui-testing";
		};
/* End PBXNativeTarget section */

/* Begin PBXProject section */
		7D3B01041C587A1300218922 /* Project object */ = {
			isa = PBXProject;
			attributes = {
				LastSwiftUpdateCheck = 0720;
				LastUpgradeCheck = 0720;
				ORGANIZATIONNAME = NinnyWorks;
				TargetAttributes = {
					7D3B010B1C587A1300218922 = {
						CreatedOnToolsVersion = 7.2;
					};
					7D3B011F1C587A1300218922 = {
						CreatedOnToolsVersion = 7.2;
						TestTargetID = 7D3B010B1C587A1300218922;
					};
					7D3B012A1C587A1300218922 = {
						CreatedOnToolsVersion = 7.2;
						TestTargetID = 7D3B010B1C587A1300218922;
					};
				};
			};
			buildConfigurationList = 7D3B01071C587A1300218922 /* Build configuration list for PBXProject "CocoaPods" */;
			compatibilityVersion = "Xcode 3.2";
			developmentRegion = English;
			hasScannedForEncodings = 0;
			knownRegions = (
				en,
				Base,
			);
			mainGroup = 7D3B01031C587A1300218922;
			productRefGroup = 7D3B010D1C587A1300218922 /* Products */;
			projectDirPath = "";
			projectRoot = "";
			targets = (
				7D3B010B1C587A1300218922 /* CocoaPods */,
				7D3B011F1C587A1300218922 /* CocoaPodsTests */,
				7D3B012A1C587A1300218922 /* CocoaPodsUITests */,
			);
		};
/* End PBXProject section */

/* Begin PBXResourcesBuildPhase section */
		7D3B010A1C587A1300218922 /* Resources */ = {
			isa = PBXResourcesBuildPhase;
			buildActionMask = 2147483647;
			files = (
				7D3B011A1C587A1300218922 /* LaunchScreen.storyboard in Resources */,
				7D3B01171C587A1300218922 /* Assets.xcassets in Resources */,
				7D3B01151C587A1300218922 /* Main.storyboard in Resources */,
			);
			runOnlyForDeploymentPostprocessing = 0;
		};
		7D3B011E1C587A1300218922 /* Resources */ = {
			isa = PBXResourcesBuildPhase;
			buildActionMask = 2147483647;
			files = (
			);
			runOnlyForDeploymentPostprocessing = 0;
		};
		7D3B01291C587A1300218922 /* Resources */ = {
			isa = PBXResourcesBuildPhase;
			buildActionMask = 2147483647;
			files = (
			);
			runOnlyForDeploymentPostprocessing = 0;
		};
/* End PBXResourcesBuildPhase section */

/* Begin PBXShellScriptBuildPhase section */
		5A1309301FA95289EDE49672 /* Check Pods Manifest.lock */ = {
			isa = PBXShellScriptBuildPhase;
			buildActionMask = 2147483647;
			files = (
			);
			inputPaths = (
			);
			name = "Check Pods Manifest.lock";
			outputPaths = (
			);
			runOnlyForDeploymentPostprocessing = 0;
			shellPath = /bin/sh;
			shellScript = "diff \"${PODS_ROOT}/../Podfile.lock\" \"${PODS_ROOT}/Manifest.lock\" > /dev/null\nif [[ $? != 0 ]] ; then\n    cat << EOM\nerror: The sandbox is not in sync with the Podfile.lock. Run 'pod install' or update your CocoaPods installation.\nEOM\n    exit 1\nfi\n";
			showEnvVarsInLog = 0;
		};
		A33B8BE4A5DC8103EAEAEECC /* Copy Pods Resources */ = {
			isa = PBXShellScriptBuildPhase;
			buildActionMask = 2147483647;
			files = (
			);
			inputPaths = (
			);
			name = "Copy Pods Resources";
			outputPaths = (
			);
			runOnlyForDeploymentPostprocessing = 0;
			shellPath = /bin/sh;
			shellScript = "\"${SRCROOT}/Pods/Target Support Files/Pods/Pods-resources.sh\"\n";
			showEnvVarsInLog = 0;
		};
		C57FBB6E3578D0046A1660C1 /* Embed Pods Frameworks */ = {
			isa = PBXShellScriptBuildPhase;
			buildActionMask = 2147483647;
			files = (
			);
			inputPaths = (
			);
			name = "Embed Pods Frameworks";
			outputPaths = (
			);
			runOnlyForDeploymentPostprocessing = 0;
			shellPath = /bin/sh;
			shellScript = "\"${SRCROOT}/Pods/Target Support Files/Pods/Pods-frameworks.sh\"\n";
			showEnvVarsInLog = 0;
		};
/* End PBXShellScriptBuildPhase section */

/* Begin PBXSourcesBuildPhase section */
		7D3B01081C587A1300218922 /* Sources */ = {
			isa = PBXSourcesBuildPhase;
			buildActionMask = 2147483647;
			files = (
				7D3B01121C587A1300218922 /* ViewController.swift in Sources */,
				7D3B01101C587A1300218922 /* AppDelegate.swift in Sources */,
			);
			runOnlyForDeploymentPostprocessing = 0;
		};
		7D3B011C1C587A1300218922 /* Sources */ = {
			isa = PBXSourcesBuildPhase;
			buildActionMask = 2147483647;
			files = (
				7D3B01251C587A1300218922 /* CocoaPodsTests.swift in Sources */,
			);
			runOnlyForDeploymentPostprocessing = 0;
		};
		7D3B01271C587A1300218922 /* Sources */ = {
			isa = PBXSourcesBuildPhase;
			buildActionMask = 2147483647;
			files = (
				7D3B01301C587A1300218922 /* CocoaPodsUITests.swift in Sources */,
			);
			runOnlyForDeploymentPostprocessing = 0;
		};
/* End PBXSourcesBuildPhase section */

/* Begin PBXTargetDependency section */
		7D3B01221C587A1300218922 /* PBXTargetDependency */ = {
			isa = PBXTargetDependency;
			target = 7D3B010B1C587A1300218922 /* CocoaPods */;
			targetProxy = 7D3B01211C587A1300218922 /* PBXContainerItemProxy */;
		};
		7D3B012D1C587A1300218922 /* PBXTargetDependency */ = {
			isa = PBXTargetDependency;
			target = 7D3B010B1C587A1300218922 /* CocoaPods */;
			targetProxy = 7D3B012C1C587A1300218922 /* PBXContainerItemProxy */;
		};
/* End PBXTargetDependency section */

/* Begin PBXVariantGroup section */
		7D3B01131C587A1300218922 /* Main.storyboard */ = {
			isa = PBXVariantGroup;
			children = (
				7D3B01141C587A1300218922 /* Base */,
			);
			name = Main.storyboard;
			sourceTree = "<group>";
		};
		7D3B01181C587A1300218922 /* LaunchScreen.storyboard */ = {
			isa = PBXVariantGroup;
			children = (
				7D3B01191C587A1300218922 /* Base */,
			);
			name = LaunchScreen.storyboard;
			sourceTree = "<group>";
		};
/* End PBXVariantGroup section */

/* Begin XCBuildConfiguration section */
		7D3B01321C587A1300218922 /* Debug */ = {
			isa = XCBuildConfiguration;
			buildSettings = {
				ALWAYS_SEARCH_USER_PATHS = NO;
				CLANG_CXX_LANGUAGE_STANDARD = "gnu++0x";
				CLANG_CXX_LIBRARY = "libc++";
				CLANG_ENABLE_MODULES = YES;
				CLANG_ENABLE_OBJC_ARC = YES;
				CLANG_WARN_BOOL_CONVERSION = YES;
				CLANG_WARN_CONSTANT_CONVERSION = YES;
				CLANG_WARN_DIRECT_OBJC_ISA_USAGE = YES_ERROR;
				CLANG_WARN_EMPTY_BODY = YES;
				CLANG_WARN_ENUM_CONVERSION = YES;
				CLANG_WARN_INT_CONVERSION = YES;
				CLANG_WARN_OBJC_ROOT_CLASS = YES_ERROR;
				CLANG_WARN_UNREACHABLE_CODE = YES;
				CLANG_WARN__DUPLICATE_METHOD_MATCH = YES;
				"CODE_SIGN_IDENTITY[sdk=iphoneos*]" = "iPhone Developer";
				COPY_PHASE_STRIP = NO;
				DEBUG_INFORMATION_FORMAT = dwarf;
				ENABLE_STRICT_OBJC_MSGSEND = YES;
				ENABLE_TESTABILITY = YES;
				GCC_C_LANGUAGE_STANDARD = gnu99;
				GCC_DYNAMIC_NO_PIC = NO;
				GCC_NO_COMMON_BLOCKS = YES;
				GCC_OPTIMIZATION_LEVEL = 0;
				GCC_PREPROCESSOR_DEFINITIONS = (
					"DEBUG=1",
					"$(inherited)",
				);
				GCC_WARN_64_TO_32_BIT_CONVERSION = YES;
				GCC_WARN_ABOUT_RETURN_TYPE = YES_ERROR;
				GCC_WARN_UNDECLARED_SELECTOR = YES;
				GCC_WARN_UNINITIALIZED_AUTOS = YES_AGGRESSIVE;
				GCC_WARN_UNUSED_FUNCTION = YES;
				GCC_WARN_UNUSED_VARIABLE = YES;
				IPHONEOS_DEPLOYMENT_TARGET = 9.2;
				MTL_ENABLE_DEBUG_INFO = YES;
				ONLY_ACTIVE_ARCH = YES;
				SDKROOT = iphoneos;
				SWIFT_OPTIMIZATION_LEVEL = "-Onone";
				TARGETED_DEVICE_FAMILY = "1,2";
			};
			name = Debug;
		};
		7D3B01331C587A1300218922 /* Release */ = {
			isa = XCBuildConfiguration;
			buildSettings = {
				ALWAYS_SEARCH_USER_PATHS = NO;
				CLANG_CXX_LANGUAGE_STANDARD = "gnu++0x";
				CLANG_CXX_LIBRARY = "libc++";
				CLANG_ENABLE_MODULES = YES;
				CLANG_ENABLE_OBJC_ARC = YES;
				CLANG_WARN_BOOL_CONVERSION = YES;
				CLANG_WARN_CONSTANT_CONVERSION = YES;
				CLANG_WARN_DIRECT_OBJC_ISA_USAGE = YES_ERROR;
				CLANG_WARN_EMPTY_BODY = YES;
				CLANG_WARN_ENUM_CONVERSION = YES;
				CLANG_WARN_INT_CONVERSION = YES;
				CLANG_WARN_OBJC_ROOT_CLASS = YES_ERROR;
				CLANG_WARN_UNREACHABLE_CODE = YES;
				CLANG_WARN__DUPLICATE_METHOD_MATCH = YES;
				"CODE_SIGN_IDENTITY[sdk=iphoneos*]" = "iPhone Developer";
				COPY_PHASE_STRIP = NO;
				DEBUG_INFORMATION_FORMAT = "dwarf-with-dsym";
				ENABLE_NS_ASSERTIONS = NO;
				ENABLE_STRICT_OBJC_MSGSEND = YES;
				GCC_C_LANGUAGE_STANDARD = gnu99;
				GCC_NO_COMMON_BLOCKS = YES;
				GCC_WARN_64_TO_32_BIT_CONVERSION = YES;
				GCC_WARN_ABOUT_RETURN_TYPE = YES_ERROR;
				GCC_WARN_UNDECLARED_SELECTOR = YES;
				GCC_WARN_UNINITIALIZED_AUTOS = YES_AGGRESSIVE;
				GCC_WARN_UNUSED_FUNCTION = YES;
				GCC_WARN_UNUSED_VARIABLE = YES;
				IPHONEOS_DEPLOYMENT_TARGET = 9.2;
				MTL_ENABLE_DEBUG_INFO = NO;
				SDKROOT = iphoneos;
				TARGETED_DEVICE_FAMILY = "1,2";
				VALIDATE_PRODUCT = YES;
			};
			name = Release;
		};
		7D3B01351C587A1300218922 /* Debug */ = {
			isa = XCBuildConfiguration;
			baseConfigurationReference = BB43CE1D7FB801CA2016D2F1 /* Pods.debug.xcconfig */;
			buildSettings = {
				ASSETCATALOG_COMPILER_APPICON_NAME = AppIcon;
				INFOPLIST_FILE = CocoaPods/Info.plist;
				LD_RUNPATH_SEARCH_PATHS = "$(inherited) @executable_path/Frameworks";
				PRODUCT_BUNDLE_IDENTIFIER = com.ninnyworks.CocoaPods;
				PRODUCT_NAME = "$(TARGET_NAME)";
			};
			name = Debug;
		};
		7D3B01361C587A1300218922 /* Release */ = {
			isa = XCBuildConfiguration;
			baseConfigurationReference = E790EE38B29329BB3BB8B54A /* Pods.release.xcconfig */;
			buildSettings = {
				ASSETCATALOG_COMPILER_APPICON_NAME = AppIcon;
				INFOPLIST_FILE = CocoaPods/Info.plist;
				LD_RUNPATH_SEARCH_PATHS = "$(inherited) @executable_path/Frameworks";
				PRODUCT_BUNDLE_IDENTIFIER = com.ninnyworks.CocoaPods;
				PRODUCT_NAME = "$(TARGET_NAME)";
			};
			name = Release;
		};
		7D3B01381C587A1300218922 /* Debug */ = {
			isa = XCBuildConfiguration;
			buildSettings = {
				BUNDLE_LOADER = "$(TEST_HOST)";
				INFOPLIST_FILE = CocoaPodsTests/Info.plist;
				LD_RUNPATH_SEARCH_PATHS = "$(inherited) @executable_path/Frameworks @loader_path/Frameworks";
				PRODUCT_BUNDLE_IDENTIFIER = com.ninnyworks.CocoaPodsTests;
				PRODUCT_NAME = "$(TARGET_NAME)";
				TEST_HOST = "$(BUILT_PRODUCTS_DIR)/CocoaPods.app/CocoaPods";
			};
			name = Debug;
		};
		7D3B01391C587A1300218922 /* Release */ = {
			isa = XCBuildConfiguration;
			buildSettings = {
				BUNDLE_LOADER = "$(TEST_HOST)";
				INFOPLIST_FILE = CocoaPodsTests/Info.plist;
				LD_RUNPATH_SEARCH_PATHS = "$(inherited) @executable_path/Frameworks @loader_path/Frameworks";
				PRODUCT_BUNDLE_IDENTIFIER = com.ninnyworks.CocoaPodsTests;
				PRODUCT_NAME = "$(TARGET_NAME)";
				TEST_HOST = "$(BUILT_PRODUCTS_DIR)/CocoaPods.app/CocoaPods";
			};
			name = Release;
		};
		7D3B013B1C587A1300218922 /* Debug */ = {
			isa = XCBuildConfiguration;
			buildSettings = {
				INFOPLIST_FILE = CocoaPodsUITests/Info.plist;
				LD_RUNPATH_SEARCH_PATHS = "$(inherited) @executable_path/Frameworks @loader_path/Frameworks";
				PRODUCT_BUNDLE_IDENTIFIER = com.ninnyworks.CocoaPodsUITests;
				PRODUCT_NAME = "$(TARGET_NAME)";
				TEST_TARGET_NAME = CocoaPods;
				USES_XCTRUNNER = YES;
			};
			name = Debug;
		};
		7D3B013C1C587A1300218922 /* Release */ = {
			isa = XCBuildConfiguration;
			buildSettings = {
				INFOPLIST_FILE = CocoaPodsUITests/Info.plist;
				LD_RUNPATH_SEARCH_PATHS = "$(inherited) @executable_path/Frameworks @loader_path/Frameworks";
				PRODUCT_BUNDLE_IDENTIFIER = com.ninnyworks.CocoaPodsUITests;
				PRODUCT_NAME = "$(TARGET_NAME)";
				TEST_TARGET_NAME = CocoaPods;
				USES_XCTRUNNER = YES;
			};
			name = Release;
		};
/* End XCBuildConfiguration section */

/* Begin XCConfigurationList section */
		7D3B01071C587A1300218922 /* Build configuration list for PBXProject "CocoaPods" */ = {
			isa = XCConfigurationList;
			buildConfigurations = (
				7D3B01321C587A1300218922 /* Debug */,
				7D3B01331C587A1300218922 /* Release */,
			);
			defaultConfigurationIsVisible = 0;
			defaultConfigurationName = Release;
		};
		7D3B01341C587A1300218922 /* Build configuration list for PBXNativeTarget "CocoaPods" */ = {
			isa = XCConfigurationList;
			buildConfigurations = (
				7D3B01351C587A1300218922 /* Debug */,
				7D3B01361C587A1300218922 /* Release */,
			);
			defaultConfigurationIsVisible = 0;
			defaultConfigurationName = Release;
		};
		7D3B01371C587A1300218922 /* Build configuration list for PBXNativeTarget "CocoaPodsTests" */ = {
			isa = XCConfigurationList;
			buildConfigurations = (
				7D3B01381C587A1300218922 /* Debug */,
				7D3B01391C587A1300218922 /* Release */,
			);
			defaultConfigurationIsVisible = 0;
			defaultConfigurationName = Release;
		};
		7D3B013A1C587A1300218922 /* Build configuration list for PBXNativeTarget "CocoaPodsUITests" */ = {
			isa = XCConfigurationList;
			buildConfigurations = (
				7D3B013B1C587A1300218922 /* Debug */,
				7D3B013C1C587A1300218922 /* Release */,
			);
			defaultConfigurationIsVisible = 0;
			defaultConfigurationName = Release;
		};
/* End XCConfigurationList section */
	};
	rootObject = 7D3B01041C587A1300218922 /* Project object */;
}
